
Microsoft Visual Studio Solution File, Format Version 12.00
# Visual Studio Version 17
VisualStudioVersion = 17.9.34622.214
MinimumVisualStudioVersion = 10.0.40219.1
Project("{9A19103F-16F7-4668-BE54-9A1E7A4F7556}") = "Skarabeus_Api", "Skarabeus_Api.csproj", "{134A07D2-3EB1-4944-AB7E-5B54C925DB51}"
EndProject
Project("{9A19103F-16F7-4668-BE54-9A1E7A4F7556}") = "Skarabeus_Data", "..\Skarabeus_Data\Skarabeus_Data.csproj", "{12603D4F-4C52-4F13-BDC6-7B4E42981AF1}"
EndProject
Global
	GlobalSection(SolutionConfigurationPlatforms) = preSolution
		Debug|Any CPU = Debug|Any CPU
		Release|Any CPU = Release|Any CPU
	EndGlobalSection
	GlobalSection(ProjectConfigurationPlatforms) = postSolution
		{134A07D2-3EB1-4944-AB7E-5B54C925DB51}.Debug|Any CPU.ActiveCfg = Debug|Any CPU
		{134A07D2-3EB1-4944-AB7E-5B54C925DB51}.Debug|Any CPU.Build.0 = Debug|Any CPU
		{134A07D2-3EB1-4944-AB7E-5B54C925DB51}.Release|Any CPU.ActiveCfg = Release|Any CPU
		{134A07D2-3EB1-4944-AB7E-5B54C925DB51}.Release|Any CPU.Build.0 = Release|Any CPU
		{12603D4F-4C52-4F13-BDC6-7B4E42981AF1}.Debug|Any CPU.ActiveCfg = Debug|Any CPU
		{12603D4F-4C52-4F13-BDC6-7B4E42981AF1}.Debug|Any CPU.Build.0 = Debug|Any CPU
		{12603D4F-4C52-4F13-BDC6-7B4E42981AF1}.Release|Any CPU.ActiveCfg = Release|Any CPU
		{12603D4F-4C52-4F13-BDC6-7B4E42981AF1}.Release|Any CPU.Build.0 = Release|Any CPU
	EndGlobalSection
	GlobalSection(SolutionProperties) = preSolution
		HideSolutionNode = FALSE
	EndGlobalSection
	GlobalSection(ExtensibilityGlobals) = postSolution
		SolutionGuid = {0927022B-698B-441C-8C4B-1CAFFCBE7931}
	EndGlobalSection
EndGlobal
