
Microsoft Visual Studio Solution File, Format Version 12.00
# Visual Studio Version 17
VisualStudioVersion = 17.9.34622.214
MinimumVisualStudioVersion = 10.0.40219.1
Project("{FAE04EC0-301F-11D3-BF4B-00C04F79EFBC}") = "Skarabeus_Api", "Skarabeus_Api\Skarabeus_Api.csproj", "{6ED25E62-7DAA-483D-85FB-0624BDFA2A16}"
EndProject
Project("{FAE04EC0-301F-11D3-BF4B-00C04F79EFBC}") = "Skarabeus_Data", "Skarabeus_Data\Skarabeus_Data.csproj", "{88E1F6B0-8F1F-4893-A592-3D42D9D2084F}"
EndProject
Global
	GlobalSection(SolutionConfigurationPlatforms) = preSolution
		Debug|Any CPU = Debug|Any CPU
		Release|Any CPU = Release|Any CPU
	EndGlobalSection
	GlobalSection(ProjectConfigurationPlatforms) = postSolution
		{6ED25E62-7DAA-483D-85FB-0624BDFA2A16}.Debug|Any CPU.ActiveCfg = Debug|Any CPU
		{6ED25E62-7DAA-483D-85FB-0624BDFA2A16}.Debug|Any CPU.Build.0 = Debug|Any CPU
		{6ED25E62-7DAA-483D-85FB-0624BDFA2A16}.Release|Any CPU.ActiveCfg = Release|Any CPU
		{6ED25E62-7DAA-483D-85FB-0624BDFA2A16}.Release|Any CPU.Build.0 = Release|Any CPU
		{88E1F6B0-8F1F-4893-A592-3D42D9D2084F}.Debug|Any CPU.ActiveCfg = Debug|Any CPU
		{88E1F6B0-8F1F-4893-A592-3D42D9D2084F}.Debug|Any CPU.Build.0 = Debug|Any CPU
		{88E1F6B0-8F1F-4893-A592-3D42D9D2084F}.Release|Any CPU.ActiveCfg = Release|Any CPU
		{88E1F6B0-8F1F-4893-A592-3D42D9D2084F}.Release|Any CPU.Build.0 = Release|Any CPU
	EndGlobalSection
	GlobalSection(SolutionProperties) = preSolution
		HideSolutionNode = FALSE
	EndGlobalSection
	GlobalSection(ExtensibilityGlobals) = postSolution
		SolutionGuid = {0927022B-698B-441C-8C4B-1CAFFCBE7931}
	EndGlobalSection
EndGlobal
